
Microsoft Visual Studio Solution File, Format Version 12.00
# Visual Studio Version 17
VisualStudioVersion = 17.13.35919.96 d17.13
MinimumVisualStudioVersion = 10.0.40219.1
Project("{FAE04EC0-301F-11D3-BF4B-00C04F79EFBC}") = "Aurum.API", "Aurum.API.csproj", "{19656FE6-E9F0-4092-9758-4D46AE28A024}"
EndProject
Project("{FAE04EC0-301F-11D3-BF4B-00C04F79EFBC}") = "Aurum.Applications", "..\Aurum.Applications\Aurum.Applications.csproj", "{206F5196-CB79-4D19-AB88-D2E191DA1ECC}"
EndProject
Project("{FAE04EC0-301F-11D3-BF4B-00C04F79EFBC}") = "Aurum.Domain", "..\Aurum.Domain\Aurum.Domain.csproj", "{D7B6CB35-F1A4-49B8-920C-49F7FDE08BAE}"
EndProject
Project("{FAE04EC0-301F-11D3-BF4B-00C04F79EFBC}") = "Aurum.Infrastructure", "..\Aurum.Infrastructure\Aurum.Infrastructure.csproj", "{0958666D-3FFE-479D-8A44-C2EBF045692E}"
EndProject
Global
	GlobalSection(SolutionConfigurationPlatforms) = preSolution
		Debug|Any CPU = Debug|Any CPU
		Release|Any CPU = Release|Any CPU
	EndGlobalSection
	GlobalSection(ProjectConfigurationPlatforms) = postSolution
		{19656FE6-E9F0-4092-9758-4D46AE28A024}.Debug|Any CPU.ActiveCfg = Debug|Any CPU
		{19656FE6-E9F0-4092-9758-4D46AE28A024}.Debug|Any CPU.Build.0 = Debug|Any CPU
		{19656FE6-E9F0-4092-9758-4D46AE28A024}.Release|Any CPU.ActiveCfg = Release|Any CPU
		{19656FE6-E9F0-4092-9758-4D46AE28A024}.Release|Any CPU.Build.0 = Release|Any CPU
		{206F5196-CB79-4D19-AB88-D2E191DA1ECC}.Debug|Any CPU.ActiveCfg = Debug|Any CPU
		{206F5196-CB79-4D19-AB88-D2E191DA1ECC}.Debug|Any CPU.Build.0 = Debug|Any CPU
		{206F5196-CB79-4D19-AB88-D2E191DA1ECC}.Release|Any CPU.ActiveCfg = Release|Any CPU
		{206F5196-CB79-4D19-AB88-D2E191DA1ECC}.Release|Any CPU.Build.0 = Release|Any CPU
		{D7B6CB35-F1A4-49B8-920C-49F7FDE08BAE}.Debug|Any CPU.ActiveCfg = Debug|Any CPU
		{D7B6CB35-F1A4-49B8-920C-49F7FDE08BAE}.Debug|Any CPU.Build.0 = Debug|Any CPU
		{D7B6CB35-F1A4-49B8-920C-49F7FDE08BAE}.Release|Any CPU.ActiveCfg = Release|Any CPU
		{D7B6CB35-F1A4-49B8-920C-49F7FDE08BAE}.Release|Any CPU.Build.0 = Release|Any CPU
		{0958666D-3FFE-479D-8A44-C2EBF045692E}.Debug|Any CPU.ActiveCfg = Debug|Any CPU
		{0958666D-3FFE-479D-8A44-C2EBF045692E}.Debug|Any CPU.Build.0 = Debug|Any CPU
		{0958666D-3FFE-479D-8A44-C2EBF045692E}.Release|Any CPU.ActiveCfg = Release|Any CPU
		{0958666D-3FFE-479D-8A44-C2EBF045692E}.Release|Any CPU.Build.0 = Release|Any CPU
	EndGlobalSection
	GlobalSection(SolutionProperties) = preSolution
		HideSolutionNode = FALSE
	EndGlobalSection
	GlobalSection(ExtensibilityGlobals) = postSolution
		SolutionGuid = {635D1635-96C9-4EC1-832F-21E4D9F92710}
	EndGlobalSection
EndGlobal
